// !$*UTF8*$!
{
archiveVersion = 1;
classes = {
};
objectVersion = 77;
objects = {

/* Begin PBXBuildFile section */
    CBC3B519562FCE75CF190A83E0F1802E /* DefdoSelfCareApp.swift in Sources */ = {isa = PBXBuildFile; fileRef = 75972ADC563C45FA285BE6D55094F139 /* DefdoSelfCareApp.swift */; };
    A6DBBEAAE949D8464736DA9E26E24F52 /* DefdoSelfCareKit in Frameworks */ = {isa = PBXBuildFile; productRef = 473D102BB7753E427D0E51DA35344E3F /* DefdoSelfCareKit */; };
/* End PBXBuildFile section */

/* Begin PBXFileReference section */
    C82D0A104F269B04DD4D6A71EADE701B /* DefdoSelfCare.app */ = {isa = PBXFileReference; explicitFileType = wrapper.application; includeInIndex = 0; path = DefdoSelfCare.app; sourceTree = BUILT_PRODUCTS_DIR; };
    8AB6B93F998FF42250DD4C2E7C0714D7 /* Info.plist */ = {isa = PBXFileReference; lastKnownFileType = text.plist.xml; path = Info.plist; sourceTree = "<group>"; };
    CF5EC6E7C62D9E881359268064908C67 /* DefdoSelfCare.entitlements */ = {isa = PBXFileReference; lastKnownFileType = text.plist.entitlements; path = DefdoSelfCare.entitlements; sourceTree = "<group>"; };
    75972ADC563C45FA285BE6D55094F139 /* DefdoSelfCareApp.swift */ = {isa = PBXFileReference; lastKnownFileType = sourcecode.swift; name = DefdoSelfCareApp.swift; path = ../Sources/DefdoSelfCare/DefdoSelfCareApp.swift; sourceTree = SOURCE_ROOT; };
/* End PBXFileReference section */

/* Begin PBXFrameworksBuildPhase section */
    CC1A280B6BA93D40051AC854D970A434 /* Frameworks */ = {
        isa = PBXFrameworksBuildPhase;
        buildActionMask = 2147483647;
        files = (
            A6DBBEAAE949D8464736DA9E26E24F52 /* DefdoSelfCareKit in Frameworks */,
        );
        runOnlyForDeploymentPostprocessing = 0;
    };
/* End PBXFrameworksBuildPhase section */

/* Begin PBXGroup section */
    6A9F62713E7A489F256CE4C30F9086A0 = {
        isa = PBXGroup;
        children = (
            61DC09FD3B5BDA9AF1C810949DD8DE7C /* DefdoSelfCare */,
            2CF6D6F8943C5BC3C10CE9B16BE5AFD8 /* Products */,
        );
        sourceTree = "<group>";
    };
    2CF6D6F8943C5BC3C10CE9B16BE5AFD8 /* Products */ = {
        isa = PBXGroup;
        children = (
            C82D0A104F269B04DD4D6A71EADE701B /* DefdoSelfCare.app */,
        );
        name = Products;
        sourceTree = "<group>";
    };
    61DC09FD3B5BDA9AF1C810949DD8DE7C /* DefdoSelfCare */ = {
        isa = PBXGroup;
        children = (
            8AB6B93F998FF42250DD4C2E7C0714D7 /* Info.plist */,
            CF5EC6E7C62D9E881359268064908C67 /* DefdoSelfCare.entitlements */,
            75972ADC563C45FA285BE6D55094F139 /* DefdoSelfCareApp.swift */,
        );
        path = DefdoSelfCare;
        sourceTree = "<group>";
    };
/* End PBXGroup section */

/* Begin PBXNativeTarget section */
    A6A50AF68C1F262B44FA41378F46E9C8 /* DefdoSelfCare */ = {
        isa = PBXNativeTarget;
        buildConfigurationList = 141C6F459D103B295F4ADFC3851250E6 /* Build configuration list for PBXNativeTarget "DefdoSelfCare" */;
        buildPhases = (
            F81C9F1F02BA9CA6020A21F29267EF25 /* Sources */,
            CC1A280B6BA93D40051AC854D970A434 /* Frameworks */,
            6C55091F347E45529C5EA21298894843 /* Resources */,
        );
        buildRules = (
        );
        dependencies = (
        );
        name = DefdoSelfCare;
        packageProductDependencies = (
            473D102BB7753E427D0E51DA35344E3F /* DefdoSelfCareKit */,
        );
        productName = DefdoSelfCare;
        productReference = C82D0A104F269B04DD4D6A71EADE701B /* DefdoSelfCare.app */;
        productType = "com.apple.product-type.application";
    };
/* End PBXNativeTarget section */

/* Begin PBXProject section */
    6D44C12F5BB20B3B5CA6D6DEA6069D83 /* Project object */ = {
        isa = PBXProject;
        buildConfigurationList = 68BF7100C09827B97D9D3CE33D81CCB8 /* Build configuration list for PBXProject "DefdoSelfCare" */;
        compatibilityVersion = "Xcode 15.0";
        developmentRegion = en;
        hasScannedForEncodings = 0;
        knownRegions = (
            en,
            Base,
        );
        mainGroup = 6A9F62713E7A489F256CE4C30F9086A0;
        packageReferences = (
            472EFB8702F466838F23D2890078878E /* XCLocalSwiftPackageReference "." */,
        );
        productRefGroup = 2CF6D6F8943C5BC3C10CE9B16BE5AFD8 /* Products */;
        projectDirPath = "";
        projectRoot = "";
        targets = (
            A6A50AF68C1F262B44FA41378F46E9C8 /* DefdoSelfCare */,
        );
    };
/* End PBXProject section */

/* Begin PBXResourcesBuildPhase section */
    6C55091F347E45529C5EA21298894843 /* Resources */ = {
        isa = PBXResourcesBuildPhase;
        buildActionMask = 2147483647;
        files = (
        );
        runOnlyForDeploymentPostprocessing = 0;
    };
/* End PBXResourcesBuildPhase section */

/* Begin PBXSourcesBuildPhase section */
    F81C9F1F02BA9CA6020A21F29267EF25 /* Sources */ = {
        isa = PBXSourcesBuildPhase;
        buildActionMask = 2147483647;
        files = (
            CBC3B519562FCE75CF190A83E0F1802E /* DefdoSelfCareApp.swift in Sources */,
        );
        runOnlyForDeploymentPostprocessing = 0;
    };
/* End PBXSourcesBuildPhase section */

/* Begin XCLocalSwiftPackageReference section */
    472EFB8702F466838F23D2890078878E /* XCLocalSwiftPackageReference "." */ = {
        isa = XCLocalSwiftPackageReference;
        relativePath = .;
    };
/* End XCLocalSwiftPackageReference section */

/* Begin XCSwiftPackageProductDependency section */
    473D102BB7753E427D0E51DA35344E3F /* DefdoSelfCareKit */ = {
        isa = XCSwiftPackageProductDependency;
        package = 472EFB8702F466838F23D2890078878E /* XCLocalSwiftPackageReference "." */;
        productName = DefdoSelfCareKit;
    };
/* End XCSwiftPackageProductDependency section */

/* Begin XCBuildConfiguration section */
    534E751F5D1949D093407CEBFE9EA64B /* Debug */ = {
        isa = XCBuildConfiguration;
        buildSettings = {
            ASSETCATALOG_COMPILER_APPICON_NAME = AppIcon;
            CODE_SIGN_ENTITLEMENTS = DefdoSelfCare/DefdoSelfCare.entitlements;
            CODE_SIGN_STYLE = Automatic;
            CURRENT_PROJECT_VERSION = 1;
            DEVELOPMENT_TEAM = "";
            GENERATE_INFOPLIST_FILE = NO;
            INFOPLIST_FILE = DefdoSelfCare/Info.plist;
            INFOPLIST_KEY_CFBundleDisplayName = "Defdo SelfCare";
            IPHONEOS_DEPLOYMENT_TARGET = 16.0;
            LD_RUNPATH_SEARCH_PATHS = (
                "$(inherited)",
                "@executable_path/Frameworks",
            );
            MARKETING_VERSION = 0.1.0;
            PRODUCT_BUNDLE_IDENTIFIER = dev.defdo.selfcare;
            PRODUCT_NAME = "$(TARGET_NAME)";
            SDKROOT = iphoneos;
            SUPPORTED_PLATFORMS = "iphoneos iphonesimulator";
            SUPPORTS_MACCATALYST = NO;
            SWIFT_EMIT_LOC_STRINGS = YES;
            SWIFT_VERSION = 6.0;
            TARGETED_DEVICE_FAMILY = "1,2";
        };
        name = Debug;
    };
    30D48E86955898A51F09D3D934F469D2 /* Release */ = {
        isa = XCBuildConfiguration;
        buildSettings = {
            ASSETCATALOG_COMPILER_APPICON_NAME = AppIcon;
            CODE_SIGN_ENTITLEMENTS = DefdoSelfCare/DefdoSelfCare.entitlements;
            CODE_SIGN_STYLE = Automatic;
            CURRENT_PROJECT_VERSION = 1;
            DEVELOPMENT_TEAM = "";
            GENERATE_INFOPLIST_FILE = NO;
            INFOPLIST_FILE = DefdoSelfCare/Info.plist;
            INFOPLIST_KEY_CFBundleDisplayName = "Defdo SelfCare";
            IPHONEOS_DEPLOYMENT_TARGET = 16.0;
            LD_RUNPATH_SEARCH_PATHS = (
                "$(inherited)",
                "@executable_path/Frameworks",
            );
            MARKETING_VERSION = 0.1.0;
            PRODUCT_BUNDLE_IDENTIFIER = dev.defdo.selfcare;
            PRODUCT_NAME = "$(TARGET_NAME)";
            SDKROOT = iphoneos;
            SUPPORTED_PLATFORMS = "iphoneos iphonesimulator";
            SUPPORTS_MACCATALYST = NO;
            SWIFT_EMIT_LOC_STRINGS = YES;
            SWIFT_VERSION = 6.0;
            TARGETED_DEVICE_FAMILY = "1,2";
        };
        name = Release;
    };
    1EE92ADC2B183CAE7FB087F27A54A477 /* Debug */ = {
        isa = XCBuildConfiguration;
        buildSettings = {
            ALWAYS_SEARCH_USER_PATHS = NO;
            ASSETCATALOG_COMPILER_GENERATE_SWIFT_ASSET_SYMBOLS = YES;
            CLANG_ANALYZER_NONNULL = YES;
            CLANG_CXX_LANGUAGE_STANDARD = "gnu++20";
            CLANG_ENABLE_MODULES = YES;
            CLANG_ENABLE_OBJC_ARC = YES;
            CLANG_WARN_BLOCK_CAPTURE_AUTORELEASING = YES;
            CLANG_WARN_BOOL_CONVERSION = YES;
            CLANG_WARN_COMMA = YES;
            CLANG_WARN_CONSTANT_CONVERSION = YES;
            CLANG_WARN_DEPRECATED_OBJC_IMPLEMENTATIONS = YES;
            CLANG_WARN_DIRECT_OBJC_ISA_USAGE = YES_ERROR;
            CLANG_WARN_DOCUMENT_COMMENTS = YES;
            CLANG_WARN_EMPTY_BODY = YES;
            CLANG_WARN_ENUM_CONVERSION = YES;
            CLANG_WARN_INFINITE_RECURSION = YES;
            CLANG_WARN_INT_CONVERSION = YES;
            CLANG_WARN_NON_LITERAL_NULL_CONVERSION = YES;
            CLANG_WARN_OBJC_IMPLICIT_RETAIN_SELF = YES;
            CLANG_WARN_OBJC_LITERAL_CONVERSION = YES;
            CLANG_WARN_OBJC_ROOT_CLASS = YES_ERROR;
            CLANG_WARN_QUOTED_INCLUDE_IN_FRAMEWORK_HEADER = YES;
            CLANG_WARN_STRICT_PROTOTYPES = YES;
            CLANG_WARN_SUSPICIOUS_MOVE = YES;
            CLANG_WARN_UNGUARDED_AVAILABILITY = YES_AGGRESSIVE;
            CLANG_WARN_UNREACHABLE_CODE = YES;
            CLANG_WARN__DUPLICATE_METHOD_MATCH = YES;
            COPY_PHASE_STRIP = NO;
            DEBUG_INFORMATION_FORMAT = dwarf;
            ENABLE_STRICT_OBJC_MSGSEND = YES;
            ENABLE_TESTABILITY = YES;
            ENABLE_USER_SCRIPT_SANDBOXING = YES;
            GCC_C_LANGUAGE_STANDARD = gnu17;
            GCC_DYNAMIC_NO_PIC = NO;
            GCC_NO_COMMON_BLOCKS = YES;
            GCC_OPTIMIZATION_LEVEL = 0;
            GCC_PREPROCESSOR_DEFINITIONS = (
                "DEBUG=1",
                "$(inherited)",
            );
            GCC_WARN_64_TO_32_BIT_CONVERSION = YES;
            GCC_WARN_ABOUT_RETURN_TYPE = YES_ERROR;
            GCC_WARN_UNDECLARED_SELECTOR = YES;
            GCC_WARN_UNINITIALIZED_AUTOS = YES_AGGRESSIVE;
            GCC_WARN_UNUSED_FUNCTION = YES;
            GCC_WARN_UNUSED_VARIABLE = YES;
            IPHONEOS_DEPLOYMENT_TARGET = 16.0;
            LOCALIZATION_PREFERS_STRING_CATALOGS = YES;
            MTL_ENABLE_DEBUG_INFO = INCLUDE_SOURCE;
            MTL_FAST_MATH = YES;
            ONLY_ACTIVE_ARCH = YES;
            SDKROOT = iphoneos;
            SWIFT_ACTIVE_COMPILATION_CONDITIONS = "DEBUG $(inherited)";
            SWIFT_OPTIMIZATION_LEVEL = "-Onone";
        };
        name = Debug;
    };
    52E9FA047D527ACF9667B92BFA69F805 /* Release */ = {
        isa = XCBuildConfiguration;
        buildSettings = {
            ALWAYS_SEARCH_USER_PATHS = NO;
            ASSETCATALOG_COMPILER_GENERATE_SWIFT_ASSET_SYMBOLS = YES;
            CLANG_ANALYZER_NONNULL = YES;
            CLANG_CXX_LANGUAGE_STANDARD = "gnu++20";
            CLANG_ENABLE_MODULES = YES;
            CLANG_ENABLE_OBJC_ARC = YES;
            CLANG_WARN_BLOCK_CAPTURE_AUTORELEASING = YES;
            CLANG_WARN_BOOL_CONVERSION = YES;
            CLANG_WARN_COMMA = YES;
            CLANG_WARN_CONSTANT_CONVERSION = YES;
            CLANG_WARN_DEPRECATED_OBJC_IMPLEMENTATIONS = YES;
            CLANG_WARN_DIRECT_OBJC_ISA_USAGE = YES_ERROR;
            CLANG_WARN_DOCUMENT_COMMENTS = YES;
            CLANG_WARN_EMPTY_BODY = YES;
            CLANG_WARN_ENUM_CONVERSION = YES;
            CLANG_WARN_INFINITE_RECURSION = YES;
            CLANG_WARN_INT_CONVERSION = YES;
            CLANG_WARN_NON_LITERAL_NULL_CONVERSION = YES;
            CLANG_WARN_OBJC_IMPLICIT_RETAIN_SELF = YES;
            CLANG_WARN_OBJC_LITERAL_CONVERSION = YES;
            CLANG_WARN_OBJC_ROOT_CLASS = YES_ERROR;
            CLANG_WARN_QUOTED_INCLUDE_IN_FRAMEWORK_HEADER = YES;
            CLANG_WARN_STRICT_PROTOTYPES = YES;
            CLANG_WARN_SUSPICIOUS_MOVE = YES;
            CLANG_WARN_UNGUARDED_AVAILABILITY = YES_AGGRESSIVE;
            CLANG_WARN_UNREACHABLE_CODE = YES;
            CLANG_WARN__DUPLICATE_METHOD_MATCH = YES;
            COPY_PHASE_STRIP = NO;
            DEBUG_INFORMATION_FORMAT = "dwarf-with-dsym";
            ENABLE_NS_ASSERTIONS = NO;
            ENABLE_STRICT_OBJC_MSGSEND = YES;
            ENABLE_USER_SCRIPT_SANDBOXING = YES;
            GCC_C_LANGUAGE_STANDARD = gnu17;
            GCC_NO_COMMON_BLOCKS = YES;
            GCC_WARN_64_TO_32_BIT_CONVERSION = YES;
            GCC_WARN_ABOUT_RETURN_TYPE = YES_ERROR;
            GCC_WARN_UNDECLARED_SELECTOR = YES;
            GCC_WARN_UNINITIALIZED_AUTOS = YES_AGGRESSIVE;
            GCC_WARN_UNUSED_FUNCTION = YES;
            GCC_WARN_UNUSED_VARIABLE = YES;
            IPHONEOS_DEPLOYMENT_TARGET = 16.0;
            LOCALIZATION_PREFERS_STRING_CATALOGS = YES;
            MTL_ENABLE_DEBUG_INFO = NO;
            MTL_FAST_MATH = YES;
            SDKROOT = iphoneos;
            SWIFT_COMPILATION_MODE = wholemodule;
            VALIDATE_PRODUCT = YES;
        };
        name = Release;
    };
/* End XCBuildConfiguration section */

/* Begin XCConfigurationList section */
    68BF7100C09827B97D9D3CE33D81CCB8 /* Build configuration list for PBXProject "DefdoSelfCare" */ = {
        isa = XCConfigurationList;
        buildConfigurations = (
            1EE92ADC2B183CAE7FB087F27A54A477 /* Debug */,
            52E9FA047D527ACF9667B92BFA69F805 /* Release */,
        );
        defaultConfigurationIsVisible = 0;
        defaultConfigurationName = Release;
    };
    141C6F459D103B295F4ADFC3851250E6 /* Build configuration list for PBXNativeTarget "DefdoSelfCare" */ = {
        isa = XCConfigurationList;
        buildConfigurations = (
            534E751F5D1949D093407CEBFE9EA64B /* Debug */,
            30D48E86955898A51F09D3D934F469D2 /* Release */,
        );
        defaultConfigurationIsVisible = 0;
        defaultConfigurationName = Release;
    };
/* End XCConfigurationList section */
};
rootObject = 6D44C12F5BB20B3B5CA6D6DEA6069D83 /* Project object */;
}
